
Microsoft Visual Studio Solution File, Format Version 12.00
# Visual Studio 15
VisualStudioVersion = 15.0.28010.0
MinimumVisualStudioVersion = 10.0.40219.1
Project("{FAE04EC0-301F-11D3-BF4B-00C04F79EFBC}") = "SoftQualityAAssign1", "SoftQualityAAssign1\SoftQualityAAssign1.csproj", "{CF386A4E-C907-46A9-94A7-AEF37F60CE07}"
EndProject
Global
	GlobalSection(SolutionConfigurationPlatforms) = preSolution
		Debug|Any CPU = Debug|Any CPU
		Release|Any CPU = Release|Any CPU
	EndGlobalSection
	GlobalSection(ProjectConfigurationPlatforms) = postSolution
		{CF386A4E-C907-46A9-94A7-AEF37F60CE07}.Debug|Any CPU.ActiveCfg = Debug|Any CPU
		{CF386A4E-C907-46A9-94A7-AEF37F60CE07}.Debug|Any CPU.Build.0 = Debug|Any CPU
		{CF386A4E-C907-46A9-94A7-AEF37F60CE07}.Release|Any CPU.ActiveCfg = Release|Any CPU
		{CF386A4E-C907-46A9-94A7-AEF37F60CE07}.Release|Any CPU.Build.0 = Release|Any CPU
	EndGlobalSection
	GlobalSection(SolutionProperties) = preSolution
		HideSolutionNode = FALSE
	EndGlobalSection
	GlobalSection(ExtensibilityGlobals) = postSolution
		SolutionGuid = {1ECAE93D-0C59-49E2-83C9-983BF149E42D}
	EndGlobalSection
EndGlobal
